{
  "name": "server",
  "lockfileVersion": 3,
  "requires": true,
  "packages": {
    "": {
      "dependencies": {
        "svg-captcha": "^1.4.0",
        "uuid": "^14.0.0"
      },
      "devDependencies": {
        "@types/uuid": "^10.0.0"
      }
    },
    "node_modules/@types/uuid": {
      "version": "10.0.0",
      "resolved": "https://registry.npmjs.org/@types/uuid/-/uuid-10.0.0.tgz",
      "integrity": "sha512-7gqG38EyHgyP1S+7+xomFtL+ZNHcKv6DwNaCZmJmo1vgMugyF3TCnXVg4t1uk89mLNwnLtnY3TpOpCOyp1/xHQ==",
      "dev": true,
      "license": "MIT"
    },
    "node_modules/opentype.js": {
      "version": "0.7.3",
      "resolved": "https://registry.npmjs.org/opentype.js/-/opentype.js-0.7.3.tgz",
      "integrity": "sha512-Veui5vl2bLonFJ/SjX/WRWJT3SncgiZNnKUyahmXCc2sa1xXW15u3R/3TN5+JFiP7RsjK5ER4HA5eWaEmV9deA==",
      "license": "MIT",
      "dependencies": {
        "tiny-inflate": "^1.0.2"
      },
      "bin": {
        "ot": "bin/ot"
      }
    },
    "node_modules/svg-captcha": {
      "version": "1.4.0",
      "resolved": "https://registry.npmjs.org/svg-captcha/-/svg-captcha-1.4.0.tgz",
      "integrity": "sha512-/fkkhavXPE57zRRCjNqAP3txRCSncpMx3NnNZL7iEoyAtYwUjPhJxW6FQTQPG5UPEmCrbFoXS10C3YdJlW7PDg==",
      "license": "MIT",
      "dependencies": {
        "opentype.js": "^0.7.3"
      },
      "engines": {
        "node": ">=4.x"
      }
    },
    "node_modules/tiny-inflate": {
      "version": "1.0.3",
      "resolved": "https://registry.npmjs.org/tiny-inflate/-/tiny-inflate-1.0.3.tgz",
      "integrity": "sha512-pkY1fj1cKHb2seWDy0B16HeWyczlJA9/WW3u3c4z/NiWDsO3DOU5D7nhTLE9CF0yXv/QZFY7sEJmj24dK+Rrqw==",
      "license": "MIT"
    },
    "node_modules/uuid": {
      "version": "14.0.0",
      "resolved": "https://registry.npmjs.org/uuid/-/uuid-14.0.0.tgz",
      "integrity": "sha512-Qo+uWgilfSmAhXCMav1uYFynlQO7fMFiMVZsQqZRMIXp0O7rR7qjkj+cPvBHLgBqi960QCoo/PH2/6ZtVqKvrg==",
      "funding": [
        "https://github.com/sponsors/broofa",
        "https://github.com/sponsors/ctavan"
      ],
      "license": "MIT",
      "bin": {
        "uuid": "dist-node/bin/uuid"
      }
    }
  }
}
